
Microsoft Visual Studio Solution File, Format Version 12.00
# Visual Studio Version 17
VisualStudioVersion = 17.8.34408.163
MinimumVisualStudioVersion = 10.0.40219.1
Project("{9A19103F-16F7-4668-BE54-9A1E7A4F7556}") = "MinimalApiDemo", "MinimalApiDemo\MinimalApiDemo.csproj", "{01F8D3E8-F819-498D-B88B-19F7126988BD}"
EndProject
Project("{00D1A9C2-B5F0-4AF3-8072-F6C62B433612}") = "UserDb", "UserDb\UserDb.sqlproj", "{71659EA4-5F95-4FBE-8B6D-51F3E930EE8F}"
EndProject
Project("{9A19103F-16F7-4668-BE54-9A1E7A4F7556}") = "DataAccess", "DataAccess\DataAccess.csproj", "{D90799DB-21A5-44E4-A28C-376844FFCE34}"
EndProject
Project("{2150E333-8FDC-42A3-9474-1A3956D46DE8}") = "Solution Items", "Solution Items", "{4325AC2C-4F67-4FA9-BF79-635B2DE1FDBA}"
	ProjectSection(SolutionItems) = preProject
		about.txt = about.txt
	EndProjectSection
EndProject
Global
	GlobalSection(SolutionConfigurationPlatforms) = preSolution
		Debug|Any CPU = Debug|Any CPU
		Release|Any CPU = Release|Any CPU
	EndGlobalSection
	GlobalSection(ProjectConfigurationPlatforms) = postSolution
		{01F8D3E8-F819-498D-B88B-19F7126988BD}.Debug|Any CPU.ActiveCfg = Debug|Any CPU
		{01F8D3E8-F819-498D-B88B-19F7126988BD}.Debug|Any CPU.Build.0 = Debug|Any CPU
		{01F8D3E8-F819-498D-B88B-19F7126988BD}.Release|Any CPU.ActiveCfg = Release|Any CPU
		{01F8D3E8-F819-498D-B88B-19F7126988BD}.Release|Any CPU.Build.0 = Release|Any CPU
		{71659EA4-5F95-4FBE-8B6D-51F3E930EE8F}.Debug|Any CPU.ActiveCfg = Debug|Any CPU
		{71659EA4-5F95-4FBE-8B6D-51F3E930EE8F}.Debug|Any CPU.Build.0 = Debug|Any CPU
		{71659EA4-5F95-4FBE-8B6D-51F3E930EE8F}.Debug|Any CPU.Deploy.0 = Debug|Any CPU
		{71659EA4-5F95-4FBE-8B6D-51F3E930EE8F}.Release|Any CPU.ActiveCfg = Release|Any CPU
		{71659EA4-5F95-4FBE-8B6D-51F3E930EE8F}.Release|Any CPU.Build.0 = Release|Any CPU
		{71659EA4-5F95-4FBE-8B6D-51F3E930EE8F}.Release|Any CPU.Deploy.0 = Release|Any CPU
		{D90799DB-21A5-44E4-A28C-376844FFCE34}.Debug|Any CPU.ActiveCfg = Debug|Any CPU
		{D90799DB-21A5-44E4-A28C-376844FFCE34}.Debug|Any CPU.Build.0 = Debug|Any CPU
		{D90799DB-21A5-44E4-A28C-376844FFCE34}.Release|Any CPU.ActiveCfg = Release|Any CPU
		{D90799DB-21A5-44E4-A28C-376844FFCE34}.Release|Any CPU.Build.0 = Release|Any CPU
	EndGlobalSection
	GlobalSection(SolutionProperties) = preSolution
		HideSolutionNode = FALSE
	EndGlobalSection
	GlobalSection(ExtensibilityGlobals) = postSolution
		SolutionGuid = {2C362277-F082-42CD-AECC-3B7DC02B4EA8}
	EndGlobalSection
EndGlobal
